
Microsoft Visual Studio Solution File, Format Version 12.00
# Visual Studio 15
VisualStudioVersion = 15.0.27428.2027
MinimumVisualStudioVersion = 10.0.40219.1
Project("{FAE04EC0-301F-11D3-BF4B-00C04F79EFBC}") = "hospitalAPI", "hospitalAPI\hospitalAPI.csproj", "{68BE04E9-E1B9-4FE7-BE07-B39EE07CC99F}"
EndProject
Global
	GlobalSection(SolutionConfigurationPlatforms) = preSolution
		Debug|Any CPU = Debug|Any CPU
		Release|Any CPU = Release|Any CPU
	EndGlobalSection
	GlobalSection(ProjectConfigurationPlatforms) = postSolution
		{68BE04E9-E1B9-4FE7-BE07-B39EE07CC99F}.Debug|Any CPU.ActiveCfg = Debug|Any CPU
		{68BE04E9-E1B9-4FE7-BE07-B39EE07CC99F}.Debug|Any CPU.Build.0 = Debug|Any CPU
		{68BE04E9-E1B9-4FE7-BE07-B39EE07CC99F}.Release|Any CPU.ActiveCfg = Release|Any CPU
		{68BE04E9-E1B9-4FE7-BE07-B39EE07CC99F}.Release|Any CPU.Build.0 = Release|Any CPU
	EndGlobalSection
	GlobalSection(SolutionProperties) = preSolution
		HideSolutionNode = FALSE
	EndGlobalSection
	GlobalSection(ExtensibilityGlobals) = postSolution
		SolutionGuid = {2839F2B4-397D-4A4B-ABBB-FB32A45FDF4C}
	EndGlobalSection
	GlobalSection(TeamFoundationVersionControl) = preSolution
		SccNumberOfProjects = 2
		SccEnterpriseProvider = {4CA58AB2-18FA-4F8D-95D4-32DDF27D184C}
		SccTeamFoundationServer = https://kolorowanki.visualstudio.com/
		SccLocalPath0 = .
		SccProjectUniqueName1 = hospitalAPI\\hospitalAPI.csproj
		SccProjectName1 = hospitalAPI
		SccLocalPath1 = hospitalAPI
	EndGlobalSection
EndGlobal
